
Microsoft Visual Studio Solution File, Format Version 12.00
# Visual Studio Version 16
VisualStudioVersion = 16.0.31205.134
MinimumVisualStudioVersion = 10.0.40219.1
Project("{FAE04EC0-301F-11D3-BF4B-00C04F79EFBC}") = "SSH_FileTree_Viewer", "SSH_FileTree_Viewer\SSH_FileTree_Viewer.csproj", "{33B9BF8A-518C-49A9-802A-DCBA59BEB32E}"
EndProject
Global
	GlobalSection(SolutionConfigurationPlatforms) = preSolution
		Debug|Any CPU = Debug|Any CPU
		Release|Any CPU = Release|Any CPU
	EndGlobalSection
	GlobalSection(ProjectConfigurationPlatforms) = postSolution
		{33B9BF8A-518C-49A9-802A-DCBA59BEB32E}.Debug|Any CPU.ActiveCfg = Debug|Any CPU
		{33B9BF8A-518C-49A9-802A-DCBA59BEB32E}.Debug|Any CPU.Build.0 = Debug|Any CPU
		{33B9BF8A-518C-49A9-802A-DCBA59BEB32E}.Release|Any CPU.ActiveCfg = Release|Any CPU
		{33B9BF8A-518C-49A9-802A-DCBA59BEB32E}.Release|Any CPU.Build.0 = Release|Any CPU
	EndGlobalSection
	GlobalSection(SolutionProperties) = preSolution
		HideSolutionNode = FALSE
	EndGlobalSection
	GlobalSection(ExtensibilityGlobals) = postSolution
		SolutionGuid = {AFA2B9C4-66C1-4C84-9CFB-ACA325B0C98D}
	EndGlobalSection
EndGlobal
